
Microsoft Visual Studio Solution File, Format Version 12.00
# Visual Studio Version 17
VisualStudioVersion = 17.13.35825.156 d17.13
MinimumVisualStudioVersion = 10.0.40219.1
Project("{FAE04EC0-301F-11D3-BF4B-00C04F79EFBC}") = "ContactApp", "ContactApp\ContactApp.csproj", "{439A93D6-1CB7-42A1-9C66-1CD41B8ED5B3}"
EndProject
Project("{FAE04EC0-301F-11D3-BF4B-00C04F79EFBC}") = "ContactApp.Client", "ContactApp.Client\ContactApp.Client.csproj", "{17437C02-ACC6-4271-A6BA-76E4EFBCB7A6}"
EndProject
Project("{FAE04EC0-301F-11D3-BF4B-00C04F79EFBC}") = "Entities", "Entities\Entities.csproj", "{D8C43F79-6651-4A83-9159-B37E845AA69D}"
EndProject
Global
	GlobalSection(SolutionConfigurationPlatforms) = preSolution
		Debug|Any CPU = Debug|Any CPU
		Release|Any CPU = Release|Any CPU
	EndGlobalSection
	GlobalSection(ProjectConfigurationPlatforms) = postSolution
		{439A93D6-1CB7-42A1-9C66-1CD41B8ED5B3}.Debug|Any CPU.ActiveCfg = Debug|Any CPU
		{439A93D6-1CB7-42A1-9C66-1CD41B8ED5B3}.Debug|Any CPU.Build.0 = Debug|Any CPU
		{439A93D6-1CB7-42A1-9C66-1CD41B8ED5B3}.Release|Any CPU.ActiveCfg = Release|Any CPU
		{439A93D6-1CB7-42A1-9C66-1CD41B8ED5B3}.Release|Any CPU.Build.0 = Release|Any CPU
		{17437C02-ACC6-4271-A6BA-76E4EFBCB7A6}.Debug|Any CPU.ActiveCfg = Debug|Any CPU
		{17437C02-ACC6-4271-A6BA-76E4EFBCB7A6}.Debug|Any CPU.Build.0 = Debug|Any CPU
		{17437C02-ACC6-4271-A6BA-76E4EFBCB7A6}.Release|Any CPU.ActiveCfg = Release|Any CPU
		{17437C02-ACC6-4271-A6BA-76E4EFBCB7A6}.Release|Any CPU.Build.0 = Release|Any CPU
		{D8C43F79-6651-4A83-9159-B37E845AA69D}.Debug|Any CPU.ActiveCfg = Debug|Any CPU
		{D8C43F79-6651-4A83-9159-B37E845AA69D}.Debug|Any CPU.Build.0 = Debug|Any CPU
		{D8C43F79-6651-4A83-9159-B37E845AA69D}.Release|Any CPU.ActiveCfg = Release|Any CPU
		{D8C43F79-6651-4A83-9159-B37E845AA69D}.Release|Any CPU.Build.0 = Release|Any CPU
	EndGlobalSection
	GlobalSection(SolutionProperties) = preSolution
		HideSolutionNode = FALSE
	EndGlobalSection
	GlobalSection(ExtensibilityGlobals) = postSolution
		SolutionGuid = {A2FC4483-92AE-4FCD-9024-A274E360CD77}
	EndGlobalSection
EndGlobal
